// !$*UTF8*$!
{
	archiveVersion = 1;
	classes = {
	};
	objectVersion = 56;
	objects = {

/* Begin PBXBuildFile section */
		DD4ECD2229BD4D3C00B7B27B /* AppDelegate.swift in Sources */ = {isa = PBXBuildFile; fileRef = DD4ECD2129BD4D3C00B7B27B /* AppDelegate.swift */; };
		DD4ECD2429BD4D3C00B7B27B /* SceneDelegate.swift in Sources */ = {isa = PBXBuildFile; fileRef = DD4ECD2329BD4D3C00B7B27B /* SceneDelegate.swift */; };
		DD4ECD2629BD4D3C00B7B27B /* ViewController.swift in Sources */ = {isa = PBXBuildFile; fileRef = DD4ECD2529BD4D3C00B7B27B /* ViewController.swift */; };
		DD4ECD2929BD4D3C00B7B27B /* Main.storyboard in Resources */ = {isa = PBXBuildFile; fileRef = DD4ECD2729BD4D3C00B7B27B /* Main.storyboard */; };
		DD4ECD2B29BD4D3D00B7B27B /* Assets.xcassets in Resources */ = {isa = PBXBuildFile; fileRef = DD4ECD2A29BD4D3D00B7B27B /* Assets.xcassets */; };
		DD4ECD2E29BD4D3D00B7B27B /* LaunchScreen.storyboard in Resources */ = {isa = PBXBuildFile; fileRef = DD4ECD2C29BD4D3D00B7B27B /* LaunchScreen.storyboard */; };
/* End PBXBuildFile section */

/* Begin PBXFileReference section */
		DD4ECD1E29BD4D3C00B7B27B /* calculoPorcentaje.app */ = {isa = PBXFileReference; explicitFileType = wrapper.application; includeInIndex = 0; path = calculoPorcentaje.app; sourceTree = BUILT_PRODUCTS_DIR; };
		DD4ECD2129BD4D3C00B7B27B /* AppDelegate.swift */ = {isa = PBXFileReference; lastKnownFileType = sourcecode.swift; path = AppDelegate.swift; sourceTree = "<group>"; };
		DD4ECD2329BD4D3C00B7B27B /* SceneDelegate.swift */ = {isa = PBXFileReference; lastKnownFileType = sourcecode.swift; path = SceneDelegate.swift; sourceTree = "<group>"; };
		DD4ECD2529BD4D3C00B7B27B /* ViewController.swift */ = {isa = PBXFileReference; lastKnownFileType = sourcecode.swift; path = ViewController.swift; sourceTree = "<group>"; };
		DD4ECD2829BD4D3C00B7B27B /* Base */ = {isa = PBXFileReference; lastKnownFileType = file.storyboard; name = Base; path = Base.lproj/Main.storyboard; sourceTree = "<group>"; };
		DD4ECD2A29BD4D3D00B7B27B /* Assets.xcassets */ = {isa = PBXFileReference; lastKnownFileType = folder.assetcatalog; path = Assets.xcassets; sourceTree = "<group>"; };
		DD4ECD2D29BD4D3D00B7B27B /* Base */ = {isa = PBXFileReference; lastKnownFileType = file.storyboard; name = Base; path = Base.lproj/LaunchScreen.storyboard; sourceTree = "<group>"; };
		DD4ECD2F29BD4D3D00B7B27B /* Info.plist */ = {isa = PBXFileReference; lastKnownFileType = text.plist.xml; path = Info.plist; sourceTree = "<group>"; };
/* End PBXFileReference section */

/* Begin PBXFrameworksBuildPhase section */
		DD4ECD1B29BD4D3C00B7B27B /* Frameworks */ = {
			isa = PBXFrameworksBuildPhase;
			buildActionMask = 2147483647;
			files = (
			);
			runOnlyForDeploymentPostprocessing = 0;
		};
/* End PBXFrameworksBuildPhase section */

/* Begin PBXGroup section */
		DD4ECD1529BD4D3C00B7B27B = {
			isa = PBXGroup;
			children = (
				DD4ECD2029BD4D3C00B7B27B /* calculoPorcentaje */,
				DD4ECD1F29BD4D3C00B7B27B /* Products */,
			);
			sourceTree = "<group>";
		};
		DD4ECD1F29BD4D3C00B7B27B /* Products */ = {
			isa = PBXGroup;
			children = (
				DD4ECD1E29BD4D3C00B7B27B /* calculoPorcentaje.app */,
			);
			name = Products;
			sourceTree = "<group>";
		};
		DD4ECD2029BD4D3C00B7B27B /* calculoPorcentaje */ = {
			isa = PBXGroup;
			children = (
				DD4ECD2129BD4D3C00B7B27B /* AppDelegate.swift */,
				DD4ECD2329BD4D3C00B7B27B /* SceneDelegate.swift */,
				DD4ECD2529BD4D3C00B7B27B /* ViewController.swift */,
				DD4ECD2729BD4D3C00B7B27B /* Main.storyboard */,
				DD4ECD2A29BD4D3D00B7B27B /* Assets.xcassets */,
				DD4ECD2C29BD4D3D00B7B27B /* LaunchScreen.storyboard */,
				DD4ECD2F29BD4D3D00B7B27B /* Info.plist */,
			);
			path = calculoPorcentaje;
			sourceTree = "<group>";
		};
/* End PBXGroup section */

/* Begin PBXNativeTarget section */
		DD4ECD1D29BD4D3C00B7B27B /* calculoPorcentaje */ = {
			isa = PBXNativeTarget;
			buildConfigurationList = DD4ECD3229BD4D3D00B7B27B /* Build configuration list for PBXNativeTarget "calculoPorcentaje" */;
			buildPhases = (
				DD4ECD1A29BD4D3C00B7B27B /* Sources */,
				DD4ECD1B29BD4D3C00B7B27B /* Frameworks */,
				DD4ECD1C29BD4D3C00B7B27B /* Resources */,
			);
			buildRules = (
			);
			dependencies = (
			);
			name = calculoPorcentaje;
			productName = calculoPorcentaje;
			productReference = DD4ECD1E29BD4D3C00B7B27B /* calculoPorcentaje.app */;
			productType = "com.apple.product-type.application";
		};
/* End PBXNativeTarget section */

/* Begin PBXProject section */
		DD4ECD1629BD4D3C00B7B27B /* Project object */ = {
			isa = PBXProject;
			attributes = {
				BuildIndependentTargetsInParallel = 1;
				LastSwiftUpdateCheck = 1420;
				LastUpgradeCheck = 1420;
				TargetAttributes = {
					DD4ECD1D29BD4D3C00B7B27B = {
						CreatedOnToolsVersion = 14.2;
					};
				};
			};
			buildConfigurationList = DD4ECD1929BD4D3C00B7B27B /* Build configuration list for PBXProject "calculoPorcentaje" */;
			compatibilityVersion = "Xcode 14.0";
			developmentRegion = en;
			hasScannedForEncodings = 0;
			knownRegions = (
				en,
				Base,
			);
			mainGroup = DD4ECD1529BD4D3C00B7B27B;
			productRefGroup = DD4ECD1F29BD4D3C00B7B27B /* Products */;
			projectDirPath = "";
			projectRoot = "";
			targets = (
				DD4ECD1D29BD4D3C00B7B27B /* calculoPorcentaje */,
			);
		};
/* End PBXProject section */

/* Begin PBXResourcesBuildPhase section */
		DD4ECD1C29BD4D3C00B7B27B /* Resources */ = {
			isa = PBXResourcesBuildPhase;
			buildActionMask = 2147483647;
			files = (
				DD4ECD2E29BD4D3D00B7B27B /* LaunchScreen.storyboard in Resources */,
				DD4ECD2B29BD4D3D00B7B27B /* Assets.xcassets in Resources */,
				DD4ECD2929BD4D3C00B7B27B /* Main.storyboard in Resources */,
			);
			runOnlyForDeploymentPostprocessing = 0;
		};
/* End PBXResourcesBuildPhase section */

/* Begin PBXSourcesBuildPhase section */
		DD4ECD1A29BD4D3C00B7B27B /* Sources */ = {
			isa = PBXSourcesBuildPhase;
			buildActionMask = 2147483647;
			files = (
				DD4ECD2629BD4D3C00B7B27B /* ViewController.swift in Sources */,
				DD4ECD2229BD4D3C00B7B27B /* AppDelegate.swift in Sources */,
				DD4ECD2429BD4D3C00B7B27B /* SceneDelegate.swift in Sources */,
			);
			runOnlyForDeploymentPostprocessing = 0;
		};
/* End PBXSourcesBuildPhase section */

/* Begin PBXVariantGroup section */
		DD4ECD2729BD4D3C00B7B27B /* Main.storyboard */ = {
			isa = PBXVariantGroup;
			children = (
				DD4ECD2829BD4D3C00B7B27B /* Base */,
			);
			name = Main.storyboard;
			sourceTree = "<group>";
		};
		DD4ECD2C29BD4D3D00B7B27B /* LaunchScreen.storyboard */ = {
			isa = PBXVariantGroup;
			children = (
				DD4ECD2D29BD4D3D00B7B27B /* Base */,
			);
			name = LaunchScreen.storyboard;
			sourceTree = "<group>";
		};
/* End PBXVariantGroup section */

/* Begin XCBuildConfiguration section */
		DD4ECD3029BD4D3D00B7B27B /* Debug */ = {
			isa = XCBuildConfiguration;
			buildSettings = {
				ALWAYS_SEARCH_USER_PATHS = NO;
				CLANG_ANALYZER_NONNULL = YES;
				CLANG_ANALYZER_NUMBER_OBJECT_CONVERSION = YES_AGGRESSIVE;
				CLANG_CXX_LANGUAGE_STANDARD = "gnu++20";
				CLANG_ENABLE_MODULES = YES;
				CLANG_ENABLE_OBJC_ARC = YES;
				CLANG_ENABLE_OBJC_WEAK = YES;
				CLANG_WARN_BLOCK_CAPTURE_AUTORELEASING = YES;
				CLANG_WARN_BOOL_CONVERSION = YES;
				CLANG_WARN_COMMA = YES;
				CLANG_WARN_CONSTANT_CONVERSION = YES;
				CLANG_WARN_DEPRECATED_OBJC_IMPLEMENTATIONS = YES;
				CLANG_WARN_DIRECT_OBJC_ISA_USAGE = YES_ERROR;
				CLANG_WARN_DOCUMENTATION_COMMENTS = YES;
				CLANG_WARN_EMPTY_BODY = YES;
				CLANG_WARN_ENUM_CONVERSION = YES;
				CLANG_WARN_INFINITE_RECURSION = YES;
				CLANG_WARN_INT_CONVERSION = YES;
				CLANG_WARN_NON_LITERAL_NULL_CONVERSION = YES;
				CLANG_WARN_OBJC_IMPLICIT_RETAIN_SELF = YES;
				CLANG_WARN_OBJC_LITERAL_CONVERSION = YES;
				CLANG_WARN_OBJC_ROOT_CLASS = YES_ERROR;
				CLANG_WARN_QUOTED_INCLUDE_IN_FRAMEWORK_HEADER = YES;
				CLANG_WARN_RANGE_LOOP_ANALYSIS = YES;
				CLANG_WARN_STRICT_PROTOTYPES = YES;
				CLANG_WARN_SUSPICIOUS_MOVE = YES;
				CLANG_WARN_UNGUARDED_AVAILABILITY = YES_AGGRESSIVE;
				CLANG_WARN_UNREACHABLE_CODE = YES;
				CLANG_WARN__DUPLICATE_METHOD_MATCH = YES;
				COPY_PHASE_STRIP = NO;
				DEBUG_INFORMATION_FORMAT = dwarf;
				ENABLE_STRICT_OBJC_MSGSEND = YES;
				ENABLE_TESTABILITY = YES;
				GCC_C_LANGUAGE_STANDARD = gnu11;
				GCC_DYNAMIC_NO_PIC = NO;
				GCC_NO_COMMON_BLOCKS = YES;
				GCC_OPTIMIZATION_LEVEL = 0;
				GCC_PREPROCESSOR_DEFINITIONS = (
					"DEBUG=1",
					"$(inherited)",
				);
				GCC_WARN_64_TO_32_BIT_CONVERSION = YES;
				GCC_WARN_ABOUT_RETURN_TYPE = YES_ERROR;
				GCC_WARN_UNDECLARED_SELECTOR = YES;
				GCC_WARN_UNINITIALIZED_AUTOS = YES_AGGRESSIVE;
				GCC_WARN_UNUSED_FUNCTION = YES;
				GCC_WARN_UNUSED_VARIABLE = YES;
				IPHONEOS_DEPLOYMENT_TARGET = 16.2;
				MTL_ENABLE_DEBUG_INFO = INCLUDE_SOURCE;
				MTL_FAST_MATH = YES;
				ONLY_ACTIVE_ARCH = YES;
				SDKROOT = iphoneos;
				SWIFT_ACTIVE_COMPILATION_CONDITIONS = DEBUG;
				SWIFT_OPTIMIZATION_LEVEL = "-Onone";
			};
			name = Debug;
		};
		DD4ECD3129BD4D3D00B7B27B /* Release */ = {
			isa = XCBuildConfiguration;
			buildSettings = {
				ALWAYS_SEARCH_USER_PATHS = NO;
				CLANG_ANALYZER_NONNULL = YES;
				CLANG_ANALYZER_NUMBER_OBJECT_CONVERSION = YES_AGGRESSIVE;
				CLANG_CXX_LANGUAGE_STANDARD = "gnu++20";
				CLANG_ENABLE_MODULES = YES;
				CLANG_ENABLE_OBJC_ARC = YES;
				CLANG_ENABLE_OBJC_WEAK = YES;
				CLANG_WARN_BLOCK_CAPTURE_AUTORELEASING = YES;
				CLANG_WARN_BOOL_CONVERSION = YES;
				CLANG_WARN_COMMA = YES;
				CLANG_WARN_CONSTANT_CONVERSION = YES;
				CLANG_WARN_DEPRECATED_OBJC_IMPLEMENTATIONS = YES;
				CLANG_WARN_DIRECT_OBJC_ISA_USAGE = YES_ERROR;
				CLANG_WARN_DOCUMENTATION_COMMENTS = YES;
				CLANG_WARN_EMPTY_BODY = YES;
				CLANG_WARN_ENUM_CONVERSION = YES;
				CLANG_WARN_INFINITE_RECURSION = YES;
				CLANG_WARN_INT_CONVERSION = YES;
				CLANG_WARN_NON_LITERAL_NULL_CONVERSION = YES;
				CLANG_WARN_OBJC_IMPLICIT_RETAIN_SELF = YES;
				CLANG_WARN_OBJC_LITERAL_CONVERSION = YES;
				CLANG_WARN_OBJC_ROOT_CLASS = YES_ERROR;
				CLANG_WARN_QUOTED_INCLUDE_IN_FRAMEWORK_HEADER = YES;
				CLANG_WARN_RANGE_LOOP_ANALYSIS = YES;
				CLANG_WARN_STRICT_PROTOTYPES = YES;
				CLANG_WARN_SUSPICIOUS_MOVE = YES;
				CLANG_WARN_UNGUARDED_AVAILABILITY = YES_AGGRESSIVE;
				CLANG_WARN_UNREACHABLE_CODE = YES;
				CLANG_WARN__DUPLICATE_METHOD_MATCH = YES;
				COPY_PHASE_STRIP = NO;
				DEBUG_INFORMATION_FORMAT = "dwarf-with-dsym";
				ENABLE_NS_ASSERTIONS = NO;
				ENABLE_STRICT_OBJC_MSGSEND = YES;
				GCC_C_LANGUAGE_STANDARD = gnu11;
				GCC_NO_COMMON_BLOCKS = YES;
				GCC_WARN_64_TO_32_BIT_CONVERSION = YES;
				GCC_WARN_ABOUT_RETURN_TYPE = YES_ERROR;
				GCC_WARN_UNDECLARED_SELECTOR = YES;
				GCC_WARN_UNINITIALIZED_AUTOS = YES_AGGRESSIVE;
				GCC_WARN_UNUSED_FUNCTION = YES;
				GCC_WARN_UNUSED_VARIABLE = YES;
				IPHONEOS_DEPLOYMENT_TARGET = 16.2;
				MTL_ENABLE_DEBUG_INFO = NO;
				MTL_FAST_MATH = YES;
				SDKROOT = iphoneos;
				SWIFT_COMPILATION_MODE = wholemodule;
				SWIFT_OPTIMIZATION_LEVEL = "-O";
				VALIDATE_PRODUCT = YES;
			};
			name = Release;
		};
		DD4ECD3329BD4D3D00B7B27B /* Debug */ = {
			isa = XCBuildConfiguration;
			buildSettings = {
				ASSETCATALOG_COMPILER_APPICON_NAME = AppIcon;
				ASSETCATALOG_COMPILER_GLOBAL_ACCENT_COLOR_NAME = AccentColor;
				CODE_SIGN_STYLE = Automatic;
				CURRENT_PROJECT_VERSION = 1;
				DEVELOPMENT_TEAM = 92JE267H7N;
				GENERATE_INFOPLIST_FILE = YES;
				INFOPLIST_FILE = calculoPorcentaje/Info.plist;
				INFOPLIST_KEY_UIApplicationSupportsIndirectInputEvents = YES;
				INFOPLIST_KEY_UILaunchStoryboardName = LaunchScreen;
				INFOPLIST_KEY_UIMainStoryboardFile = Main;
				INFOPLIST_KEY_UISupportedInterfaceOrientations_iPad = "UIInterfaceOrientationPortrait UIInterfaceOrientationPortraitUpsideDown UIInterfaceOrientationLandscapeLeft UIInterfaceOrientationLandscapeRight";
				INFOPLIST_KEY_UISupportedInterfaceOrientations_iPhone = "UIInterfaceOrientationPortrait UIInterfaceOrientationLandscapeLeft UIInterfaceOrientationLandscapeRight";
				LD_RUNPATH_SEARCH_PATHS = (
					"$(inherited)",
					"@executable_path/Frameworks",
				);
				MARKETING_VERSION = 1.0;
				PRODUCT_BUNDLE_IDENTIFIER = com.gabriela.calculoPorcentaje;
				PRODUCT_NAME = "$(TARGET_NAME)";
				SWIFT_EMIT_LOC_STRINGS = YES;
				SWIFT_VERSION = 5.0;
				TARGETED_DEVICE_FAMILY = "1,2";
			};
			name = Debug;
		};
		DD4ECD3429BD4D3D00B7B27B /* Release */ = {
			isa = XCBuildConfiguration;
			buildSettings = {
				ASSETCATALOG_COMPILER_APPICON_NAME = AppIcon;
				ASSETCATALOG_COMPILER_GLOBAL_ACCENT_COLOR_NAME = AccentColor;
				CODE_SIGN_STYLE = Automatic;
				CURRENT_PROJECT_VERSION = 1;
				DEVELOPMENT_TEAM = 92JE267H7N;
				GENERATE_INFOPLIST_FILE = YES;
				INFOPLIST_FILE = calculoPorcentaje/Info.plist;
				INFOPLIST_KEY_UIApplicationSupportsIndirectInputEvents = YES;
				INFOPLIST_KEY_UILaunchStoryboardName = LaunchScreen;
				INFOPLIST_KEY_UIMainStoryboardFile = Main;
				INFOPLIST_KEY_UISupportedInterfaceOrientations_iPad = "UIInterfaceOrientationPortrait UIInterfaceOrientationPortraitUpsideDown UIInterfaceOrientationLandscapeLeft UIInterfaceOrientationLandscapeRight";
				INFOPLIST_KEY_UISupportedInterfaceOrientations_iPhone = "UIInterfaceOrientationPortrait UIInterfaceOrientationLandscapeLeft UIInterfaceOrientationLandscapeRight";
				LD_RUNPATH_SEARCH_PATHS = (
					"$(inherited)",
					"@executable_path/Frameworks",
				);
				MARKETING_VERSION = 1.0;
				PRODUCT_BUNDLE_IDENTIFIER = com.gabriela.calculoPorcentaje;
				PRODUCT_NAME = "$(TARGET_NAME)";
				SWIFT_EMIT_LOC_STRINGS = YES;
				SWIFT_VERSION = 5.0;
				TARGETED_DEVICE_FAMILY = "1,2";
			};
			name = Release;
		};
/* End XCBuildConfiguration section */

/* Begin XCConfigurationList section */
		DD4ECD1929BD4D3C00B7B27B /* Build configuration list for PBXProject "calculoPorcentaje" */ = {
			isa = XCConfigurationList;
			buildConfigurations = (
				DD4ECD3029BD4D3D00B7B27B /* Debug */,
				DD4ECD3129BD4D3D00B7B27B /* Release */,
			);
			defaultConfigurationIsVisible = 0;
			defaultConfigurationName = Release;
		};
		DD4ECD3229BD4D3D00B7B27B /* Build configuration list for PBXNativeTarget "calculoPorcentaje" */ = {
			isa = XCConfigurationList;
			buildConfigurations = (
				DD4ECD3329BD4D3D00B7B27B /* Debug */,
				DD4ECD3429BD4D3D00B7B27B /* Release */,
			);
			defaultConfigurationIsVisible = 0;
			defaultConfigurationName = Release;
		};
/* End XCConfigurationList section */
	};
	rootObject = DD4ECD1629BD4D3C00B7B27B /* Project object */;
}
